[[tools."cargo:cargo-tarpaulin"]]
version = "0.34.1"
backend = "cargo:cargo-tarpaulin"

[[tools.node]]
version = "24.11.0"
backend = "core:node"

[tools.node.platforms.linux-x64]
checksum = "sha256:b3c071cdf47aab867c3b2aa287257df12ec5d7c962bf922b32fd33226c4295fd"
size = 58899117
url = "https://nodejs.org/dist/v24.11.0/node-v24.11.0-linux-x64.tar.gz"

[[tools.rust]]
version = "1.91.0"
backend = "core:rust"
