[[tools."github:PowerShell/PowerShell"]]
version = "7.5.4"
backend = 'github:PowerShell/PowerShell[platforms={ linux-x64 = { asset_pattern = "powershell-*-linux-x64.tar.gz" }, macos-arm64 = { asset_pattern = "powershell-*-osx-arm64.tar.gz" }, windows-x64 = { asset_pattern = "PowerShell-*-win-x64.zip" } }]'
"platforms.linux-arm64" = { checksum = "sha256:4b32d4cb86a43dfb83d5602d0294295bf22fafbf9e0785d1aaef81938cda92f8", url = "https://github.com/PowerShell/PowerShell/releases/download/v7.5.4/powershell-7.5.4-linux-arm64.tar.gz", url_api = "https://api.github.com/repos/PowerShell/PowerShell/releases/assets/305232364"}
"platforms.linux-x64" = { checksum = "sha256:1fd7983fe56ca9e6233f126925edb24bf6b6b33e356b69996d925c4db94e2fef", url = "https://github.com/PowerShell/PowerShell/releases/download/v7.5.4/powershell-7.5.4-linux-x64.tar.gz", url_api = "https://api.github.com/repos/PowerShell/PowerShell/releases/assets/305232425"}
"platforms.macos-arm64" = { checksum = "sha256:3aaadd7ca62f1e4dbe59145b6af24e926d61f8da8a4782bc535e500c184135f0", url = "https://github.com/PowerShell/PowerShell/releases/download/v7.5.4/powershell-7.5.4-osx-arm64.tar.gz", url_api = "https://api.github.com/repos/PowerShell/PowerShell/releases/assets/305232461"}
"platforms.macos-x64" = { checksum = "sha256:cd16a04c1b99cdacbdc0337b0fd0da50dbf1a8b4e8437bcb4ca9118ef729211a", url = "https://github.com/PowerShell/PowerShell/releases/download/v7.5.4/powershell-7.5.4-osx-x64.tar.gz", url_api = "https://api.github.com/repos/PowerShell/PowerShell/releases/assets/305232543"}
"platforms.windows-x64" = { checksum = "sha256:b40d192ae95ba6ccc4cc362ff4e1b18ca6fb5055bebbcd3920684e12701fa8f6", url = "https://github.com/PowerShell/PowerShell/releases/download/v7.5.4/PowerShell-7.5.4-win-x64.zip", url_api = "https://api.github.com/repos/PowerShell/PowerShell/releases/assets/305232969"}

[[tools."github:koalaman/shellcheck"]]
version = "0.11.0"
backend = 'github:koalaman/shellcheck[platforms={ linux-x64 = { asset_pattern = "shellcheck-*.linux.x86_64.tar.xz" }, macos-arm64 = { asset_pattern = "shellcheck-*.darwin.aarch64.tar.xz" }, windows-x64 = { asset_pattern = "shellcheck-*.zip" } }]'
"platforms.linux-arm64" = { checksum = "sha256:12b331c1d2db6b9eb13cfca64306b1b157a86eb69db83023e261eaa7e7c14588", url = "https://github.com/koalaman/shellcheck/releases/download/v0.11.0/shellcheck-v0.11.0.linux.aarch64.tar.xz", url_api = "https://api.github.com/repos/koalaman/shellcheck/releases/assets/279056934"}
"platforms.linux-x64" = { checksum = "sha256:8c3be12b05d5c177a04c29e3c78ce89ac86f1595681cab149b65b97c4e227198", url = "https://github.com/koalaman/shellcheck/releases/download/v0.11.0/shellcheck-v0.11.0.linux.x86_64.tar.xz", url_api = "https://api.github.com/repos/koalaman/shellcheck/releases/assets/279056942"}
"platforms.macos-arm64" = { checksum = "sha256:56affdd8de5527894dca6dc3d7e0a99a873b0f004d7aabc30ae407d3f48b0a79", url = "https://github.com/koalaman/shellcheck/releases/download/v0.11.0/shellcheck-v0.11.0.darwin.aarch64.tar.xz", url_api = "https://api.github.com/repos/koalaman/shellcheck/releases/assets/279056932"}
"platforms.macos-x64" = { checksum = "sha256:3c89db4edcab7cf1c27bff178882e0f6f27f7afdf54e859fa041fca10febe4c6", url = "https://github.com/koalaman/shellcheck/releases/download/v0.11.0/shellcheck-v0.11.0.darwin.x86_64.tar.xz", url_api = "https://api.github.com/repos/koalaman/shellcheck/releases/assets/279056930"}
"platforms.windows-x64" = { checksum = "sha256:8a4e35ab0b331c85d73567b12f2a444df187f483e5079ceffa6bda1faa2e740e", url = "https://github.com/koalaman/shellcheck/releases/download/v0.11.0/shellcheck-v0.11.0.zip", url_api = "https://api.github.com/repos/koalaman/shellcheck/releases/assets/279056944"}

[[tools.node]]
version = "25.2.1"
backend = "core:node"
"platforms.linux-arm64" = { url = "https://nodejs.org/dist/v25.2.1/node-v25.2.1-linux-arm64.tar.gz"}
"platforms.linux-x64" = { url = "https://nodejs.org/dist/v25.2.1/node-v25.2.1-linux-x64.tar.gz"}
"platforms.macos-arm64" = { url = "https://nodejs.org/dist/v25.2.1/node-v25.2.1-darwin-arm64.tar.gz"}
"platforms.macos-x64" = { url = "https://nodejs.org/dist/v25.2.1/node-v25.2.1-darwin-x64.tar.gz"}
"platforms.windows-x64" = { url = "https://nodejs.org/dist/v25.2.1/node-v25.2.1-win-x64.zip"}

[[tools.python]]
version = "3.11.14"
backend = "core:python"

[[tools.rust]]
version = "1.91.1"
backend = "core:rust"

[[tools.uv]]
version = "0.9.13"
backend = "aqua:astral-sh/uv[cargo:cargo-tarpaulin=latest,cargo:cargo-audit=latest,cargo:cargo-deny=latest]"
"platforms.linux-arm64" = { checksum = "sha256:5a81540af68e28df324d01d79900e7b86c659e8167cb236528b8e6050d74f94e", url = "https://github.com/astral-sh/uv/releases/download/0.9.13/uv-aarch64-unknown-linux-musl.tar.gz"}
"platforms.linux-x64" = { checksum = "sha256:04cf326d2d742ce5c8890fdc0b9f71bd707be8640979bf6e53ddd52da74dfb41", url = "https://github.com/astral-sh/uv/releases/download/0.9.13/uv-x86_64-unknown-linux-musl.tar.gz"}
"platforms.macos-arm64" = { checksum = "sha256:9c594dce1c237e11680be2b6d1331448eeb6f8a1453fb851a66a40291bb624de", url = "https://github.com/astral-sh/uv/releases/download/0.9.13/uv-aarch64-apple-darwin.tar.gz"}
"platforms.macos-x64" = { checksum = "sha256:571cb1623681c439af892335c729c272266e836a9ebcb627f34f8012c6459d9d", url = "https://github.com/astral-sh/uv/releases/download/0.9.13/uv-x86_64-apple-darwin.tar.gz"}
"platforms.windows-x64" = { checksum = "sha256:cdfb04512c9184939f16eea02644a7133b4e41233ead69122d49847d29a45538", url = "https://github.com/astral-sh/uv/releases/download/0.9.13/uv-x86_64-pc-windows-msvc.zip"}
